
Microsoft Visual Studio Solution File, Format Version 12.00
# Visual Studio 15
VisualStudioVersion = 15.0.27703.2018
MinimumVisualStudioVersion = 10.0.40219.1
Project("{2150E333-8FDC-42A3-9474-1A3956D46DE8}") = "02进程与线程", "02进程与线程", "{C3709AC0-BD72-4787-8F19-CAD91F95C25B}"
EndProject
Project("{2150E333-8FDC-42A3-9474-1A3956D46DE8}") = "01进程监控", "01进程监控", "{2ECD2CBC-B7B2-41D5-ADAE-845EC13F3AFF}"
EndProject
Project("{FAE04EC0-301F-11D3-BF4B-00C04F79EFBC}") = "ProcessMonitor", "ProcessMonitor\ProcessMonitor.csproj", "{53B1D505-BACF-4A9C-8917-D115543DBBE1}"
EndProject
Project("{2150E333-8FDC-42A3-9474-1A3956D46DE8}") = "02启动和停止进程", "02启动和停止进程", "{8FED4357-6503-4035-80AE-8C01EFE38F5E}"
EndProject
Project("{FAE04EC0-301F-11D3-BF4B-00C04F79EFBC}") = "StartStopProcess", "StartStopProcess\StartStopProcess.csproj", "{0761A412-E386-4626-82AE-AC1300C63A57}"
EndProject
Project("{2150E333-8FDC-42A3-9474-1A3956D46DE8}") = "03前台线程与后台线程", "03前台线程与后台线程", "{F0A34048-62FC-4DC5-86CF-5A158EDC3834}"
EndProject
Project("{FAE04EC0-301F-11D3-BF4B-00C04F79EFBC}") = "ThreadExample", "ThreadExample\ThreadExample.csproj", "{36663552-A153-47DE-8CBD-5692A6ABF9BF}"
EndProject
Project("{2150E333-8FDC-42A3-9474-1A3956D46DE8}") = "04线程同步", "04线程同步", "{3E454D92-0B8F-46EA-9B2C-EF056E502981}"
EndProject
Project("{FAE04EC0-301F-11D3-BF4B-00C04F79EFBC}") = "lockExample", "lockExample\lockExample.csproj", "{922C49D9-CB8D-4487-899B-1AADE8E20435}"
EndProject
Project("{2150E333-8FDC-42A3-9474-1A3956D46DE8}") = "05线程池", "05线程池", "{76622AA6-A41B-4CAA-A886-90A9B0885015}"
EndProject
Project("{FAE04EC0-301F-11D3-BF4B-00C04F79EFBC}") = "ThreadPoolExample", "ThreadPoolExample\ThreadPoolExample.csproj", "{458E20FF-44FE-4DD6-AF8D-7017572A21EC}"
EndProject
Project("{2150E333-8FDC-42A3-9474-1A3956D46DE8}") = "06BackgroundWorker", "06BackgroundWorker", "{2812842E-325D-4A1D-A611-2DC9ACD60799}"
EndProject
Project("{FAE04EC0-301F-11D3-BF4B-00C04F79EFBC}") = "BackgroundWorkerExample", "BackgroundWorkerExample\BackgroundWorkerExample.csproj", "{D870D3C0-86D3-4135-9D6C-D8B41F8D9E18}"
EndProject
Project("{2150E333-8FDC-42A3-9474-1A3956D46DE8}") = "03IP地址转换与网卡信息监测", "03IP地址转换与网卡信息监测", "{E8A37D2E-C265-43C4-ADA7-5AF404E8D936}"
EndProject
Project("{2150E333-8FDC-42A3-9474-1A3956D46DE8}") = "01IP地址转换与域名解析", "01IP地址转换与域名解析", "{23DC4B36-A0B8-4CFE-A8E9-CEE20DE5DF73}"
EndProject
Project("{FAE04EC0-301F-11D3-BF4B-00C04F79EFBC}") = "IPExample", "IPExample\IPExample.csproj", "{F8872DDA-D2F3-4122-BBA5-34D4C3C9660C}"
EndProject
Project("{2150E333-8FDC-42A3-9474-1A3956D46DE8}") = "02网卡信息", "02网卡信息", "{A44A6A5D-1CCB-4EFF-BE09-FA7A4961B601}"
EndProject
Project("{FAE04EC0-301F-11D3-BF4B-00C04F79EFBC}") = "NetworkInterfaceExample", "NetworkInterfaceExample\NetworkInterfaceExample.csproj", "{82A26586-BB49-453A-851D-05CFC739852C}"
EndProject
Project("{2150E333-8FDC-42A3-9474-1A3956D46DE8}") = "03网络流量监控", "03网络流量监控", "{2352D619-4693-47A8-89C3-C3C167F5EE03}"
EndProject
Project("{FAE04EC0-301F-11D3-BF4B-00C04F79EFBC}") = "IPGlobalStatics", "IPGlobalStatics\IPGlobalStatics.csproj", "{5220558D-3333-4F3C-9235-684283F56671}"
EndProject
Project("{2150E333-8FDC-42A3-9474-1A3956D46DE8}") = "04Ping及相关类", "04Ping及相关类", "{79E315A4-0EEF-4EDA-B86B-6087671821F3}"
EndProject
Project("{FAE04EC0-301F-11D3-BF4B-00C04F79EFBC}") = "PingExample", "PingExample\PingExample.csproj", "{8FA7CC1E-79A6-4DFB-9FED-3AE69A9CAABE}"
EndProject
Project("{2150E333-8FDC-42A3-9474-1A3956D46DE8}") = "05Encoder与Decoder实现编码与解码", "05Encoder与Decoder实现编码与解码", "{B9A61006-C8B2-4749-AF05-918C9E449D23}"
EndProject
Project("{FAE04EC0-301F-11D3-BF4B-00C04F79EFBC}") = "E05-EncoderDecoderExample", "E05-EncoderDecoderExample\E05-EncoderDecoderExample.csproj", "{BC455764-82E4-48B7-BB66-2F9052C16D0F}"
EndProject
Project("{2150E333-8FDC-42A3-9474-1A3956D46DE8}") = "04套接字", "04套接字", "{602473AA-9877-4977-BF94-FEFF13AAC535}"
EndProject
Project("{2150E333-8FDC-42A3-9474-1A3956D46DE8}") = "01面向连接的套接字", "01面向连接的套接字", "{194EBF5D-3829-4BE4-98AC-10D6A40C1DF9}"
EndProject
Project("{FAE04EC0-301F-11D3-BF4B-00C04F79EFBC}") = "SocketClient", "SocketClient\SocketClient.csproj", "{62E45D47-A741-4A43-BB4D-985E24B79C47}"
EndProject
Project("{FAE04EC0-301F-11D3-BF4B-00C04F79EFBC}") = "SocketServer", "SocketServer\SocketServer.csproj", "{9D2B90F7-70B3-4059-A342-B7A65FFDB690}"
EndProject
Project("{2150E333-8FDC-42A3-9474-1A3956D46DE8}") = "02无连接的套接字", "02无连接的套接字", "{003CFD6A-A326-442F-B0D3-E1E3DDB75F2E}"
EndProject
Project("{FAE04EC0-301F-11D3-BF4B-00C04F79EFBC}") = "UDPSocket", "UDPSocket\UDPSocket.csproj", "{29087AE9-0465-4B6B-9867-7C99E7CB371B}"
EndProject
Project("{2150E333-8FDC-42A3-9474-1A3956D46DE8}") = "03数据流", "03数据流", "{1F778AFA-6856-4D19-8DCC-5A3E66C45EB7}"
EndProject
Project("{FAE04EC0-301F-11D3-BF4B-00C04F79EFBC}") = "FileStreamRead", "FileStreamRead\FileStreamRead.csproj", "{7F8D88AC-4160-4ADC-8BA8-6DFDA287F53A}"
EndProject
Project("{FAE04EC0-301F-11D3-BF4B-00C04F79EFBC}") = "E03-FileStreamWrite", "E03-FileStreamWrite\E03-FileStreamWrite.csproj", "{DB0B6CBC-5BFA-4A55-9E7B-6090CF24C62F}"
EndProject
Project("{2150E333-8FDC-42A3-9474-1A3956D46DE8}") = "04内存流", "04内存流", "{664B1419-6A56-4946-8EBE-49FE8C1BE2F2}"
EndProject
Project("{FAE04EC0-301F-11D3-BF4B-00C04F79EFBC}") = "MemoryStreamApplication", "MemoryStreamApplication\MemoryStreamApplication.csproj", "{F55FF636-E7F7-4DC2-8FBA-C00961D125AF}"
EndProject
Project("{2150E333-8FDC-42A3-9474-1A3956D46DE8}") = "05网络流", "05网络流", "{2F847523-91F5-4CEA-947B-79739C3F863E}"
EndProject
Project("{FAE04EC0-301F-11D3-BF4B-00C04F79EFBC}") = "StreamWriterApp", "StreamWriterApp\StreamWriterApp.csproj", "{79152728-C3BB-45B1-B22E-9C4047D78BC6}"
EndProject
Project("{FAE04EC0-301F-11D3-BF4B-00C04F79EFBC}") = "StreamReaderApp", "StreamReaderApp\StreamReaderApp.csproj", "{01553F42-1E21-438D-80A6-AD82BB227E9E}"
EndProject
Project("{2150E333-8FDC-42A3-9474-1A3956D46DE8}") = "06二进制流", "06二进制流", "{37378F0B-3F87-4505-B5BA-A910C50E7DDE}"
EndProject
Project("{FAE04EC0-301F-11D3-BF4B-00C04F79EFBC}") = "BinaryStreamApp", "BinaryStreamApp\BinaryStreamApp.csproj", "{31FE4246-F9C7-45EB-8C03-DA1C3F66CE2A}"
EndProject
Project("{2150E333-8FDC-42A3-9474-1A3956D46DE8}") = "05TCP应用编程", "05TCP应用编程", "{B49A429F-366B-4C0A-A61F-375E0E661530}"
EndProject
Project("{2150E333-8FDC-42A3-9474-1A3956D46DE8}") = "01利用同步TCP编写网络聊天程序", "01利用同步TCP编写网络聊天程序", "{5E3175CA-9230-4422-AD27-8D7984D83C27}"
EndProject
Project("{FAE04EC0-301F-11D3-BF4B-00C04F79EFBC}") = "SyncChatServer", "SyncChatServer\SyncChatServer.csproj", "{F241BC6C-378F-4224-B107-68A4A1725CD8}"
EndProject
Project("{FAE04EC0-301F-11D3-BF4B-00C04F79EFBC}") = "SyncChatClient", "SyncChatClient\SyncChatClient.csproj", "{91BD0C34-44E5-4969-A035-9EB03123C674}"
EndProject
Project("{2150E333-8FDC-42A3-9474-1A3956D46DE8}") = "02利用同步TCP编写网络游戏", "02利用同步TCP编写网络游戏", "{837691E8-AFAE-4F8F-B8D1-C677106A09E2}"
EndProject
Project("{FAE04EC0-301F-11D3-BF4B-00C04F79EFBC}") = "GameServer", "GameServer\GameServer.csproj", "{AFBB722E-0CCC-41FE-9D68-76E9A23391F3}"
EndProject
Project("{FAE04EC0-301F-11D3-BF4B-00C04F79EFBC}") = "GameClient", "GameClient\GameClient.csproj", "{A8B7D0A3-A05B-4E5F-8762-B1F213BF2D31}"
EndProject
Project("{2150E333-8FDC-42A3-9474-1A3956D46DE8}") = "03利用同步TCP编写网络聊天程序", "03利用同步TCP编写网络聊天程序", "{2ED91638-736E-47BF-A0AA-890103A93338}"
EndProject
Project("{FAE04EC0-301F-11D3-BF4B-00C04F79EFBC}") = "AsyncTcpServer", "AsyncTcpServer\AsyncTcpServer.csproj", "{55CFE753-5580-4351-B57B-4125EA201B8A}"
EndProject
Project("{FAE04EC0-301F-11D3-BF4B-00C04F79EFBC}") = "AsyncTcpClient", "AsyncTcpClient\AsyncTcpClient.csproj", "{BC9C231A-7AFE-4AAC-8247-EF5F1773EF58}"
EndProject
Global
	GlobalSection(SolutionConfigurationPlatforms) = preSolution
		Debug|Any CPU = Debug|Any CPU
		Release|Any CPU = Release|Any CPU
	EndGlobalSection
	GlobalSection(ProjectConfigurationPlatforms) = postSolution
		{53B1D505-BACF-4A9C-8917-D115543DBBE1}.Debug|Any CPU.ActiveCfg = Debug|Any CPU
		{53B1D505-BACF-4A9C-8917-D115543DBBE1}.Debug|Any CPU.Build.0 = Debug|Any CPU
		{53B1D505-BACF-4A9C-8917-D115543DBBE1}.Release|Any CPU.ActiveCfg = Release|Any CPU
		{53B1D505-BACF-4A9C-8917-D115543DBBE1}.Release|Any CPU.Build.0 = Release|Any CPU
		{0761A412-E386-4626-82AE-AC1300C63A57}.Debug|Any CPU.ActiveCfg = Debug|Any CPU
		{0761A412-E386-4626-82AE-AC1300C63A57}.Debug|Any CPU.Build.0 = Debug|Any CPU
		{0761A412-E386-4626-82AE-AC1300C63A57}.Release|Any CPU.ActiveCfg = Release|Any CPU
		{0761A412-E386-4626-82AE-AC1300C63A57}.Release|Any CPU.Build.0 = Release|Any CPU
		{36663552-A153-47DE-8CBD-5692A6ABF9BF}.Debug|Any CPU.ActiveCfg = Debug|Any CPU
		{36663552-A153-47DE-8CBD-5692A6ABF9BF}.Debug|Any CPU.Build.0 = Debug|Any CPU
		{36663552-A153-47DE-8CBD-5692A6ABF9BF}.Release|Any CPU.ActiveCfg = Release|Any CPU
		{36663552-A153-47DE-8CBD-5692A6ABF9BF}.Release|Any CPU.Build.0 = Release|Any CPU
		{922C49D9-CB8D-4487-899B-1AADE8E20435}.Debug|Any CPU.ActiveCfg = Debug|Any CPU
		{922C49D9-CB8D-4487-899B-1AADE8E20435}.Debug|Any CPU.Build.0 = Debug|Any CPU
		{922C49D9-CB8D-4487-899B-1AADE8E20435}.Release|Any CPU.ActiveCfg = Release|Any CPU
		{922C49D9-CB8D-4487-899B-1AADE8E20435}.Release|Any CPU.Build.0 = Release|Any CPU
		{458E20FF-44FE-4DD6-AF8D-7017572A21EC}.Debug|Any CPU.ActiveCfg = Debug|Any CPU
		{458E20FF-44FE-4DD6-AF8D-7017572A21EC}.Debug|Any CPU.Build.0 = Debug|Any CPU
		{458E20FF-44FE-4DD6-AF8D-7017572A21EC}.Release|Any CPU.ActiveCfg = Release|Any CPU
		{458E20FF-44FE-4DD6-AF8D-7017572A21EC}.Release|Any CPU.Build.0 = Release|Any CPU
		{D870D3C0-86D3-4135-9D6C-D8B41F8D9E18}.Debug|Any CPU.ActiveCfg = Debug|Any CPU
		{D870D3C0-86D3-4135-9D6C-D8B41F8D9E18}.Debug|Any CPU.Build.0 = Debug|Any CPU
		{D870D3C0-86D3-4135-9D6C-D8B41F8D9E18}.Release|Any CPU.ActiveCfg = Release|Any CPU
		{D870D3C0-86D3-4135-9D6C-D8B41F8D9E18}.Release|Any CPU.Build.0 = Release|Any CPU
		{F8872DDA-D2F3-4122-BBA5-34D4C3C9660C}.Debug|Any CPU.ActiveCfg = Debug|Any CPU
		{F8872DDA-D2F3-4122-BBA5-34D4C3C9660C}.Debug|Any CPU.Build.0 = Debug|Any CPU
		{F8872DDA-D2F3-4122-BBA5-34D4C3C9660C}.Release|Any CPU.ActiveCfg = Release|Any CPU
		{F8872DDA-D2F3-4122-BBA5-34D4C3C9660C}.Release|Any CPU.Build.0 = Release|Any CPU
		{82A26586-BB49-453A-851D-05CFC739852C}.Debug|Any CPU.ActiveCfg = Debug|Any CPU
		{82A26586-BB49-453A-851D-05CFC739852C}.Debug|Any CPU.Build.0 = Debug|Any CPU
		{82A26586-BB49-453A-851D-05CFC739852C}.Release|Any CPU.ActiveCfg = Release|Any CPU
		{82A26586-BB49-453A-851D-05CFC739852C}.Release|Any CPU.Build.0 = Release|Any CPU
		{5220558D-3333-4F3C-9235-684283F56671}.Debug|Any CPU.ActiveCfg = Debug|Any CPU
		{5220558D-3333-4F3C-9235-684283F56671}.Debug|Any CPU.Build.0 = Debug|Any CPU
		{5220558D-3333-4F3C-9235-684283F56671}.Release|Any CPU.ActiveCfg = Release|Any CPU
		{5220558D-3333-4F3C-9235-684283F56671}.Release|Any CPU.Build.0 = Release|Any CPU
		{8FA7CC1E-79A6-4DFB-9FED-3AE69A9CAABE}.Debug|Any CPU.ActiveCfg = Debug|Any CPU
		{8FA7CC1E-79A6-4DFB-9FED-3AE69A9CAABE}.Debug|Any CPU.Build.0 = Debug|Any CPU
		{8FA7CC1E-79A6-4DFB-9FED-3AE69A9CAABE}.Release|Any CPU.ActiveCfg = Release|Any CPU
		{8FA7CC1E-79A6-4DFB-9FED-3AE69A9CAABE}.Release|Any CPU.Build.0 = Release|Any CPU
		{BC455764-82E4-48B7-BB66-2F9052C16D0F}.Debug|Any CPU.ActiveCfg = Debug|Any CPU
		{BC455764-82E4-48B7-BB66-2F9052C16D0F}.Debug|Any CPU.Build.0 = Debug|Any CPU
		{BC455764-82E4-48B7-BB66-2F9052C16D0F}.Release|Any CPU.ActiveCfg = Release|Any CPU
		{BC455764-82E4-48B7-BB66-2F9052C16D0F}.Release|Any CPU.Build.0 = Release|Any CPU
		{62E45D47-A741-4A43-BB4D-985E24B79C47}.Debug|Any CPU.ActiveCfg = Debug|Any CPU
		{62E45D47-A741-4A43-BB4D-985E24B79C47}.Debug|Any CPU.Build.0 = Debug|Any CPU
		{62E45D47-A741-4A43-BB4D-985E24B79C47}.Release|Any CPU.ActiveCfg = Release|Any CPU
		{62E45D47-A741-4A43-BB4D-985E24B79C47}.Release|Any CPU.Build.0 = Release|Any CPU
		{9D2B90F7-70B3-4059-A342-B7A65FFDB690}.Debug|Any CPU.ActiveCfg = Debug|Any CPU
		{9D2B90F7-70B3-4059-A342-B7A65FFDB690}.Debug|Any CPU.Build.0 = Debug|Any CPU
		{9D2B90F7-70B3-4059-A342-B7A65FFDB690}.Release|Any CPU.ActiveCfg = Release|Any CPU
		{9D2B90F7-70B3-4059-A342-B7A65FFDB690}.Release|Any CPU.Build.0 = Release|Any CPU
		{29087AE9-0465-4B6B-9867-7C99E7CB371B}.Debug|Any CPU.ActiveCfg = Debug|Any CPU
		{29087AE9-0465-4B6B-9867-7C99E7CB371B}.Debug|Any CPU.Build.0 = Debug|Any CPU
		{29087AE9-0465-4B6B-9867-7C99E7CB371B}.Release|Any CPU.ActiveCfg = Release|Any CPU
		{29087AE9-0465-4B6B-9867-7C99E7CB371B}.Release|Any CPU.Build.0 = Release|Any CPU
		{7F8D88AC-4160-4ADC-8BA8-6DFDA287F53A}.Debug|Any CPU.ActiveCfg = Debug|Any CPU
		{7F8D88AC-4160-4ADC-8BA8-6DFDA287F53A}.Debug|Any CPU.Build.0 = Debug|Any CPU
		{7F8D88AC-4160-4ADC-8BA8-6DFDA287F53A}.Release|Any CPU.ActiveCfg = Release|Any CPU
		{7F8D88AC-4160-4ADC-8BA8-6DFDA287F53A}.Release|Any CPU.Build.0 = Release|Any CPU
		{DB0B6CBC-5BFA-4A55-9E7B-6090CF24C62F}.Debug|Any CPU.ActiveCfg = Debug|Any CPU
		{DB0B6CBC-5BFA-4A55-9E7B-6090CF24C62F}.Debug|Any CPU.Build.0 = Debug|Any CPU
		{DB0B6CBC-5BFA-4A55-9E7B-6090CF24C62F}.Release|Any CPU.ActiveCfg = Release|Any CPU
		{DB0B6CBC-5BFA-4A55-9E7B-6090CF24C62F}.Release|Any CPU.Build.0 = Release|Any CPU
		{F55FF636-E7F7-4DC2-8FBA-C00961D125AF}.Debug|Any CPU.ActiveCfg = Debug|Any CPU
		{F55FF636-E7F7-4DC2-8FBA-C00961D125AF}.Debug|Any CPU.Build.0 = Debug|Any CPU
		{F55FF636-E7F7-4DC2-8FBA-C00961D125AF}.Release|Any CPU.ActiveCfg = Release|Any CPU
		{F55FF636-E7F7-4DC2-8FBA-C00961D125AF}.Release|Any CPU.Build.0 = Release|Any CPU
		{79152728-C3BB-45B1-B22E-9C4047D78BC6}.Debug|Any CPU.ActiveCfg = Debug|Any CPU
		{79152728-C3BB-45B1-B22E-9C4047D78BC6}.Debug|Any CPU.Build.0 = Debug|Any CPU
		{79152728-C3BB-45B1-B22E-9C4047D78BC6}.Release|Any CPU.ActiveCfg = Release|Any CPU
		{79152728-C3BB-45B1-B22E-9C4047D78BC6}.Release|Any CPU.Build.0 = Release|Any CPU
		{01553F42-1E21-438D-80A6-AD82BB227E9E}.Debug|Any CPU.ActiveCfg = Debug|Any CPU
		{01553F42-1E21-438D-80A6-AD82BB227E9E}.Debug|Any CPU.Build.0 = Debug|Any CPU
		{01553F42-1E21-438D-80A6-AD82BB227E9E}.Release|Any CPU.ActiveCfg = Release|Any CPU
		{01553F42-1E21-438D-80A6-AD82BB227E9E}.Release|Any CPU.Build.0 = Release|Any CPU
		{31FE4246-F9C7-45EB-8C03-DA1C3F66CE2A}.Debug|Any CPU.ActiveCfg = Debug|Any CPU
		{31FE4246-F9C7-45EB-8C03-DA1C3F66CE2A}.Debug|Any CPU.Build.0 = Debug|Any CPU
		{31FE4246-F9C7-45EB-8C03-DA1C3F66CE2A}.Release|Any CPU.ActiveCfg = Release|Any CPU
		{31FE4246-F9C7-45EB-8C03-DA1C3F66CE2A}.Release|Any CPU.Build.0 = Release|Any CPU
		{F241BC6C-378F-4224-B107-68A4A1725CD8}.Debug|Any CPU.ActiveCfg = Debug|Any CPU
		{F241BC6C-378F-4224-B107-68A4A1725CD8}.Debug|Any CPU.Build.0 = Debug|Any CPU
		{F241BC6C-378F-4224-B107-68A4A1725CD8}.Release|Any CPU.ActiveCfg = Release|Any CPU
		{F241BC6C-378F-4224-B107-68A4A1725CD8}.Release|Any CPU.Build.0 = Release|Any CPU
		{91BD0C34-44E5-4969-A035-9EB03123C674}.Debug|Any CPU.ActiveCfg = Debug|Any CPU
		{91BD0C34-44E5-4969-A035-9EB03123C674}.Debug|Any CPU.Build.0 = Debug|Any CPU
		{91BD0C34-44E5-4969-A035-9EB03123C674}.Release|Any CPU.ActiveCfg = Release|Any CPU
		{91BD0C34-44E5-4969-A035-9EB03123C674}.Release|Any CPU.Build.0 = Release|Any CPU
		{AFBB722E-0CCC-41FE-9D68-76E9A23391F3}.Debug|Any CPU.ActiveCfg = Debug|Any CPU
		{AFBB722E-0CCC-41FE-9D68-76E9A23391F3}.Debug|Any CPU.Build.0 = Debug|Any CPU
		{AFBB722E-0CCC-41FE-9D68-76E9A23391F3}.Release|Any CPU.ActiveCfg = Release|Any CPU
		{AFBB722E-0CCC-41FE-9D68-76E9A23391F3}.Release|Any CPU.Build.0 = Release|Any CPU
		{A8B7D0A3-A05B-4E5F-8762-B1F213BF2D31}.Debug|Any CPU.ActiveCfg = Debug|Any CPU
		{A8B7D0A3-A05B-4E5F-8762-B1F213BF2D31}.Debug|Any CPU.Build.0 = Debug|Any CPU
		{A8B7D0A3-A05B-4E5F-8762-B1F213BF2D31}.Release|Any CPU.ActiveCfg = Release|Any CPU
		{A8B7D0A3-A05B-4E5F-8762-B1F213BF2D31}.Release|Any CPU.Build.0 = Release|Any CPU
		{55CFE753-5580-4351-B57B-4125EA201B8A}.Debug|Any CPU.ActiveCfg = Debug|Any CPU
		{55CFE753-5580-4351-B57B-4125EA201B8A}.Debug|Any CPU.Build.0 = Debug|Any CPU
		{55CFE753-5580-4351-B57B-4125EA201B8A}.Release|Any CPU.ActiveCfg = Release|Any CPU
		{55CFE753-5580-4351-B57B-4125EA201B8A}.Release|Any CPU.Build.0 = Release|Any CPU
		{BC9C231A-7AFE-4AAC-8247-EF5F1773EF58}.Debug|Any CPU.ActiveCfg = Debug|Any CPU
		{BC9C231A-7AFE-4AAC-8247-EF5F1773EF58}.Debug|Any CPU.Build.0 = Debug|Any CPU
		{BC9C231A-7AFE-4AAC-8247-EF5F1773EF58}.Release|Any CPU.ActiveCfg = Release|Any CPU
		{BC9C231A-7AFE-4AAC-8247-EF5F1773EF58}.Release|Any CPU.Build.0 = Release|Any CPU
	EndGlobalSection
	GlobalSection(SolutionProperties) = preSolution
		HideSolutionNode = FALSE
	EndGlobalSection
	GlobalSection(NestedProjects) = preSolution
		{2ECD2CBC-B7B2-41D5-ADAE-845EC13F3AFF} = {C3709AC0-BD72-4787-8F19-CAD91F95C25B}
		{53B1D505-BACF-4A9C-8917-D115543DBBE1} = {2ECD2CBC-B7B2-41D5-ADAE-845EC13F3AFF}
		{8FED4357-6503-4035-80AE-8C01EFE38F5E} = {C3709AC0-BD72-4787-8F19-CAD91F95C25B}
		{0761A412-E386-4626-82AE-AC1300C63A57} = {8FED4357-6503-4035-80AE-8C01EFE38F5E}
		{F0A34048-62FC-4DC5-86CF-5A158EDC3834} = {C3709AC0-BD72-4787-8F19-CAD91F95C25B}
		{36663552-A153-47DE-8CBD-5692A6ABF9BF} = {F0A34048-62FC-4DC5-86CF-5A158EDC3834}
		{3E454D92-0B8F-46EA-9B2C-EF056E502981} = {C3709AC0-BD72-4787-8F19-CAD91F95C25B}
		{922C49D9-CB8D-4487-899B-1AADE8E20435} = {3E454D92-0B8F-46EA-9B2C-EF056E502981}
		{76622AA6-A41B-4CAA-A886-90A9B0885015} = {C3709AC0-BD72-4787-8F19-CAD91F95C25B}
		{458E20FF-44FE-4DD6-AF8D-7017572A21EC} = {76622AA6-A41B-4CAA-A886-90A9B0885015}
		{2812842E-325D-4A1D-A611-2DC9ACD60799} = {C3709AC0-BD72-4787-8F19-CAD91F95C25B}
		{D870D3C0-86D3-4135-9D6C-D8B41F8D9E18} = {2812842E-325D-4A1D-A611-2DC9ACD60799}
		{23DC4B36-A0B8-4CFE-A8E9-CEE20DE5DF73} = {E8A37D2E-C265-43C4-ADA7-5AF404E8D936}
		{F8872DDA-D2F3-4122-BBA5-34D4C3C9660C} = {23DC4B36-A0B8-4CFE-A8E9-CEE20DE5DF73}
		{A44A6A5D-1CCB-4EFF-BE09-FA7A4961B601} = {E8A37D2E-C265-43C4-ADA7-5AF404E8D936}
		{82A26586-BB49-453A-851D-05CFC739852C} = {A44A6A5D-1CCB-4EFF-BE09-FA7A4961B601}
		{2352D619-4693-47A8-89C3-C3C167F5EE03} = {E8A37D2E-C265-43C4-ADA7-5AF404E8D936}
		{5220558D-3333-4F3C-9235-684283F56671} = {2352D619-4693-47A8-89C3-C3C167F5EE03}
		{79E315A4-0EEF-4EDA-B86B-6087671821F3} = {E8A37D2E-C265-43C4-ADA7-5AF404E8D936}
		{8FA7CC1E-79A6-4DFB-9FED-3AE69A9CAABE} = {79E315A4-0EEF-4EDA-B86B-6087671821F3}
		{B9A61006-C8B2-4749-AF05-918C9E449D23} = {E8A37D2E-C265-43C4-ADA7-5AF404E8D936}
		{BC455764-82E4-48B7-BB66-2F9052C16D0F} = {B9A61006-C8B2-4749-AF05-918C9E449D23}
		{194EBF5D-3829-4BE4-98AC-10D6A40C1DF9} = {602473AA-9877-4977-BF94-FEFF13AAC535}
		{62E45D47-A741-4A43-BB4D-985E24B79C47} = {194EBF5D-3829-4BE4-98AC-10D6A40C1DF9}
		{9D2B90F7-70B3-4059-A342-B7A65FFDB690} = {194EBF5D-3829-4BE4-98AC-10D6A40C1DF9}
		{003CFD6A-A326-442F-B0D3-E1E3DDB75F2E} = {602473AA-9877-4977-BF94-FEFF13AAC535}
		{29087AE9-0465-4B6B-9867-7C99E7CB371B} = {003CFD6A-A326-442F-B0D3-E1E3DDB75F2E}
		{1F778AFA-6856-4D19-8DCC-5A3E66C45EB7} = {602473AA-9877-4977-BF94-FEFF13AAC535}
		{7F8D88AC-4160-4ADC-8BA8-6DFDA287F53A} = {1F778AFA-6856-4D19-8DCC-5A3E66C45EB7}
		{DB0B6CBC-5BFA-4A55-9E7B-6090CF24C62F} = {1F778AFA-6856-4D19-8DCC-5A3E66C45EB7}
		{664B1419-6A56-4946-8EBE-49FE8C1BE2F2} = {602473AA-9877-4977-BF94-FEFF13AAC535}
		{F55FF636-E7F7-4DC2-8FBA-C00961D125AF} = {664B1419-6A56-4946-8EBE-49FE8C1BE2F2}
		{2F847523-91F5-4CEA-947B-79739C3F863E} = {602473AA-9877-4977-BF94-FEFF13AAC535}
		{79152728-C3BB-45B1-B22E-9C4047D78BC6} = {2F847523-91F5-4CEA-947B-79739C3F863E}
		{01553F42-1E21-438D-80A6-AD82BB227E9E} = {2F847523-91F5-4CEA-947B-79739C3F863E}
		{37378F0B-3F87-4505-B5BA-A910C50E7DDE} = {602473AA-9877-4977-BF94-FEFF13AAC535}
		{31FE4246-F9C7-45EB-8C03-DA1C3F66CE2A} = {37378F0B-3F87-4505-B5BA-A910C50E7DDE}
		{5E3175CA-9230-4422-AD27-8D7984D83C27} = {B49A429F-366B-4C0A-A61F-375E0E661530}
		{F241BC6C-378F-4224-B107-68A4A1725CD8} = {5E3175CA-9230-4422-AD27-8D7984D83C27}
		{91BD0C34-44E5-4969-A035-9EB03123C674} = {5E3175CA-9230-4422-AD27-8D7984D83C27}
		{837691E8-AFAE-4F8F-B8D1-C677106A09E2} = {B49A429F-366B-4C0A-A61F-375E0E661530}
		{AFBB722E-0CCC-41FE-9D68-76E9A23391F3} = {837691E8-AFAE-4F8F-B8D1-C677106A09E2}
		{A8B7D0A3-A05B-4E5F-8762-B1F213BF2D31} = {837691E8-AFAE-4F8F-B8D1-C677106A09E2}
		{2ED91638-736E-47BF-A0AA-890103A93338} = {B49A429F-366B-4C0A-A61F-375E0E661530}
		{55CFE753-5580-4351-B57B-4125EA201B8A} = {2ED91638-736E-47BF-A0AA-890103A93338}
		{BC9C231A-7AFE-4AAC-8247-EF5F1773EF58} = {2ED91638-736E-47BF-A0AA-890103A93338}
	EndGlobalSection
	GlobalSection(ExtensibilityGlobals) = postSolution
		SolutionGuid = {C76B6592-AC01-4539-B7F1-8F9252444317}
	EndGlobalSection
EndGlobal
